
Microsoft Visual Studio Solution File, Format Version 12.00
# Visual Studio 15
VisualStudioVersion = 15.0.28307.645
MinimumVisualStudioVersion = 10.0.40219.1
Project("{8BC9CEB8-8B4A-11D0-8D11-00A0C91BC942}") = "InventoryManager", "InventoryManager\InventoryManager.vcxproj", "{5046A095-015A-462D-9FF9-F16FD7E5AC7E}"
EndProject
Global
	GlobalSection(SolutionConfigurationPlatforms) = preSolution
		Debug|x64 = Debug|x64
		Debug|x86 = Debug|x86
		Release|x64 = Release|x64
		Release|x86 = Release|x86
	EndGlobalSection
	GlobalSection(ProjectConfigurationPlatforms) = postSolution
		{5046A095-015A-462D-9FF9-F16FD7E5AC7E}.Debug|x64.ActiveCfg = Debug|x64
		{5046A095-015A-462D-9FF9-F16FD7E5AC7E}.Debug|x64.Build.0 = Debug|x64
		{5046A095-015A-462D-9FF9-F16FD7E5AC7E}.Debug|x86.ActiveCfg = Release|Win32
		{5046A095-015A-462D-9FF9-F16FD7E5AC7E}.Debug|x86.Build.0 = Release|Win32
		{5046A095-015A-462D-9FF9-F16FD7E5AC7E}.Release|x64.ActiveCfg = Release|x64
		{5046A095-015A-462D-9FF9-F16FD7E5AC7E}.Release|x64.Build.0 = Release|x64
		{5046A095-015A-462D-9FF9-F16FD7E5AC7E}.Release|x86.ActiveCfg = Release|Win32
		{5046A095-015A-462D-9FF9-F16FD7E5AC7E}.Release|x86.Build.0 = Release|Win32
	EndGlobalSection
	GlobalSection(SolutionProperties) = preSolution
		HideSolutionNode = FALSE
	EndGlobalSection
	GlobalSection(ExtensibilityGlobals) = postSolution
		SolutionGuid = {60F72418-F274-4D00-9AB9-11237F42054A}
	EndGlobalSection
EndGlobal
